
Microsoft Visual Studio Solution File, Format Version 12.00
# Visual Studio Version 16
VisualStudioVersion = 16.0.810.17
MinimumVisualStudioVersion = 10.0.40219.1
Project("{FAE04EC0-301F-11D3-BF4B-00C04F79EFBC}") = "FactoryExercise", "FactoryExercise\FactoryExercise.csproj", "{BB962A7D-A97D-45E0-845D-356ADFC3349A}"
EndProject
Global
	GlobalSection(SolutionConfigurationPlatforms) = preSolution
		Debug|Any CPU = Debug|Any CPU
		Release|Any CPU = Release|Any CPU
	EndGlobalSection
	GlobalSection(ProjectConfigurationPlatforms) = postSolution
		{BB962A7D-A97D-45E0-845D-356ADFC3349A}.Debug|Any CPU.ActiveCfg = Debug|Any CPU
		{BB962A7D-A97D-45E0-845D-356ADFC3349A}.Debug|Any CPU.Build.0 = Debug|Any CPU
		{BB962A7D-A97D-45E0-845D-356ADFC3349A}.Release|Any CPU.ActiveCfg = Release|Any CPU
		{BB962A7D-A97D-45E0-845D-356ADFC3349A}.Release|Any CPU.Build.0 = Release|Any CPU
	EndGlobalSection
	GlobalSection(SolutionProperties) = preSolution
		HideSolutionNode = FALSE
	EndGlobalSection
	GlobalSection(ExtensibilityGlobals) = postSolution
		SolutionGuid = {3561A8F8-EC00-4BEB-A177-8838A79A5091}
	EndGlobalSection
EndGlobal
